[root]
name = "claymore"
version = "0.1.7"
dependencies = [
 "cgmath 0.2.0 (git+https://github.com/bjz/cgmath-rs)",
 "claymore-game 0.0.1",
 "claymore-load 0.1.0",
 "claymore-scene 0.1.0",
 "clock_ticks 0.0.5 (registry+https://github.com/rust-lang/crates.io-index)",
 "env_logger 0.3.1 (registry+https://github.com/rust-lang/crates.io-index)",
 "gfx 0.5.0 (git+https://github.com/gfx-rs/gfx-rs)",
 "gfx_debug_draw 0.2.0 (git+https://github.com/PistonDevelopers/gfx-debug-draw)",
 "gfx_phase 0.1.2 (git+https://github.com/kvark/gfx_scene)",
 "gfx_pipeline 0.1.1 (git+https://github.com/kvark/gfx_pipeline)",
 "gfx_text 0.0.0 (git+https://github.com/PistonDevelopers/gfx_text)",
 "gfx_window_glutin 0.0.1 (git+https://github.com/gfx-rs/gfx_window_glutin)",
 "glutin 0.1.4 (git+https://github.com/tomaka/glutin)",
 "log 0.3.1 (registry+https://github.com/rust-lang/crates.io-index)",
 "rand 0.3.8 (registry+https://github.com/rust-lang/crates.io-index)",
 "rustc-serialize 0.3.14 (registry+https://github.com/rust-lang/crates.io-index)",
]

[[package]]
name = "android_glue"
version = "0.0.2"
source = "registry+https://github.com/rust-lang/crates.io-index"

[[package]]
name = "bitflags"
version = "0.1.1"
source = "registry+https://github.com/rust-lang/crates.io-index"

[[package]]
name = "byteorder"
version = "0.3.10"
source = "registry+https://github.com/rust-lang/crates.io-index"

[[package]]
name = "cgmath"
version = "0.2.0"
source = "git+https://github.com/bjz/cgmath-rs#aebe5fd9bfb2daa468754a19a1eac02aa8f959e8"
dependencies = [
 "num 0.1.24 (registry+https://github.com/rust-lang/crates.io-index)",
 "rand 0.3.8 (registry+https://github.com/rust-lang/crates.io-index)",
 "rustc-serialize 0.3.14 (registry+https://github.com/rust-lang/crates.io-index)",
]

[[package]]
name = "claymore-game"
version = "0.0.1"
dependencies = [
 "cgmath 0.2.0 (git+https://github.com/bjz/cgmath-rs)",
 "claymore-load 0.1.0",
 "claymore-scene 0.1.0",
 "gfx 0.5.0 (git+https://github.com/gfx-rs/gfx-rs)",
 "gfx_pipeline 0.1.1 (git+https://github.com/kvark/gfx_pipeline)",
 "gfx_scene 0.1.0 (git+https://github.com/kvark/gfx_scene)",
 "grid 0.0.1 (git+https://github.com/kvark/grid-rs)",
 "log 0.3.1 (registry+https://github.com/rust-lang/crates.io-index)",
 "rustc-serialize 0.3.14 (registry+https://github.com/rust-lang/crates.io-index)",
]

[[package]]
name = "claymore-load"
version = "0.1.0"
dependencies = [
 "cgmath 0.2.0 (git+https://github.com/bjz/cgmath-rs)",
 "claymore-scene 0.1.0",
 "gfx 0.5.0 (git+https://github.com/gfx-rs/gfx-rs)",
 "gfx_scene 0.1.0 (git+https://github.com/kvark/gfx_scene)",
 "log 0.3.1 (registry+https://github.com/rust-lang/crates.io-index)",
 "piston-gfx_texture 0.0.6 (git+https://github.com/PistonDevelopers/gfx_texture)",
 "rustc-serialize 0.3.14 (registry+https://github.com/rust-lang/crates.io-index)",
]

[[package]]
name = "claymore-scene"
version = "0.1.0"
dependencies = [
 "cgmath 0.2.0 (git+https://github.com/bjz/cgmath-rs)",
 "gfx_pipeline 0.1.1 (git+https://github.com/kvark/gfx_pipeline)",
 "gfx_scene 0.1.0 (git+https://github.com/kvark/gfx_scene)",
 "id 0.0.1 (git+https://github.com/kvark/simplecs)",
 "log 0.3.1 (registry+https://github.com/rust-lang/crates.io-index)",
]

[[package]]
name = "clock_ticks"
version = "0.0.5"
source = "registry+https://github.com/rust-lang/crates.io-index"
dependencies = [
 "libc 0.1.8 (registry+https://github.com/rust-lang/crates.io-index)",
]

[[package]]
name = "draw_queue"
version = "0.1.0"
source = "git+https://github.com/kvark/gfx_scene#7ff3b13aeb5bd247a528d9b8e054d26b69224b67"

[[package]]
name = "draw_state"
version = "0.0.7"
source = "git+https://github.com/gfx-rs/draw_state#44a0aed11abccbf970fc7efbe84b6482f0548248"
dependencies = [
 "bitflags 0.1.1 (registry+https://github.com/rust-lang/crates.io-index)",
]

[[package]]
name = "dylib"
version = "0.0.1"
source = "registry+https://github.com/rust-lang/crates.io-index"
dependencies = [
 "libc 0.1.8 (registry+https://github.com/rust-lang/crates.io-index)",
]

[[package]]
name = "enum_primitive"
version = "0.0.1"
source = "registry+https://github.com/rust-lang/crates.io-index"
dependencies = [
 "num 0.1.24 (registry+https://github.com/rust-lang/crates.io-index)",
]

[[package]]
name = "env_logger"
version = "0.3.1"
source = "registry+https://github.com/rust-lang/crates.io-index"
dependencies = [
 "log 0.3.1 (registry+https://github.com/rust-lang/crates.io-index)",
 "regex 0.1.30 (registry+https://github.com/rust-lang/crates.io-index)",
]

[[package]]
name = "freetype-rs"
version = "0.0.9"
source = "git+https://github.com/PistonDevelopers/freetype-rs#686a4d7ff99eddfc64fbe7d2c3a19832ee564614"
dependencies = [
 "bitflags 0.1.1 (registry+https://github.com/rust-lang/crates.io-index)",
 "freetype-sys 0.0.5 (registry+https://github.com/rust-lang/crates.io-index)",
 "libc 0.1.8 (registry+https://github.com/rust-lang/crates.io-index)",
]

[[package]]
name = "freetype-sys"
version = "0.0.5"
source = "registry+https://github.com/rust-lang/crates.io-index"
dependencies = [
 "libc 0.1.8 (registry+https://github.com/rust-lang/crates.io-index)",
 "libz-sys 0.1.3 (registry+https://github.com/rust-lang/crates.io-index)",
 "pkg-config 0.3.4 (registry+https://github.com/rust-lang/crates.io-index)",
]

[[package]]
name = "gdi32-sys"
version = "0.1.0"
source = "registry+https://github.com/rust-lang/crates.io-index"
dependencies = [
 "winapi 0.1.18 (registry+https://github.com/rust-lang/crates.io-index)",
]

[[package]]
name = "gfx"
version = "0.5.0"
source = "git+https://github.com/gfx-rs/gfx-rs#894af868136f10d15c8b69e7e78508eb54a8834d"
dependencies = [
 "bitflags 0.1.1 (registry+https://github.com/rust-lang/crates.io-index)",
 "draw_state 0.0.7 (git+https://github.com/gfx-rs/draw_state)",
 "log 0.3.1 (registry+https://github.com/rust-lang/crates.io-index)",
 "num 0.1.24 (registry+https://github.com/rust-lang/crates.io-index)",
]

[[package]]
name = "gfx_debug_draw"
version = "0.2.0"
source = "git+https://github.com/PistonDevelopers/gfx-debug-draw#1973060673849b5b743873de6623c4132fede3db"
dependencies = [
 "gfx 0.5.0 (git+https://github.com/gfx-rs/gfx-rs)",
 "gfx_text 0.0.0 (git+https://github.com/PistonDevelopers/gfx_text)",
]

[[package]]
name = "gfx_device_gl"
version = "0.3.1"
source = "git+https://github.com/gfx-rs/gfx_device_gl#4e6b7dc048650316c64af4ab79579686e58e4024"
dependencies = [
 "gfx 0.5.0 (git+https://github.com/gfx-rs/gfx-rs)",
 "gfx_gl 0.1.4 (registry+https://github.com/rust-lang/crates.io-index)",
 "libc 0.1.8 (registry+https://github.com/rust-lang/crates.io-index)",
 "log 0.3.1 (registry+https://github.com/rust-lang/crates.io-index)",
]

[[package]]
name = "gfx_gl"
version = "0.1.4"
source = "registry+https://github.com/rust-lang/crates.io-index"
dependencies = [
 "gl_common 0.0.4 (registry+https://github.com/rust-lang/crates.io-index)",
 "gl_generator 0.0.26 (registry+https://github.com/rust-lang/crates.io-index)",
 "khronos_api 0.0.5 (registry+https://github.com/rust-lang/crates.io-index)",
 "libc 0.1.8 (registry+https://github.com/rust-lang/crates.io-index)",
]

[[package]]
name = "gfx_phase"
version = "0.1.2"
source = "git+https://github.com/kvark/gfx_scene#7ff3b13aeb5bd247a528d9b8e054d26b69224b67"
dependencies = [
 "draw_queue 0.1.0 (git+https://github.com/kvark/gfx_scene)",
 "gfx 0.5.0 (git+https://github.com/gfx-rs/gfx-rs)",
 "log 0.3.1 (registry+https://github.com/rust-lang/crates.io-index)",
]

[[package]]
name = "gfx_pipeline"
version = "0.1.1"
source = "git+https://github.com/kvark/gfx_pipeline#48a29f7cda7218cd48f8743dd62f3c4057e9e363"
dependencies = [
 "cgmath 0.2.0 (git+https://github.com/bjz/cgmath-rs)",
 "gfx 0.5.0 (git+https://github.com/gfx-rs/gfx-rs)",
 "gfx_phase 0.1.2 (git+https://github.com/kvark/gfx_scene)",
 "gfx_scene 0.1.0 (git+https://github.com/kvark/gfx_scene)",
]

[[package]]
name = "gfx_scene"
version = "0.1.0"
source = "git+https://github.com/kvark/gfx_scene#7ff3b13aeb5bd247a528d9b8e054d26b69224b67"
dependencies = [
 "cgmath 0.2.0 (git+https://github.com/bjz/cgmath-rs)",
 "gfx 0.5.0 (git+https://github.com/gfx-rs/gfx-rs)",
 "gfx_phase 0.1.2 (git+https://github.com/kvark/gfx_scene)",
]

[[package]]
name = "gfx_text"
version = "0.0.0"
source = "git+https://github.com/PistonDevelopers/gfx_text#00c2a2a5b9ae429f7e74ea16c91f67e4386037eb"
dependencies = [
 "freetype-rs 0.0.9 (git+https://github.com/PistonDevelopers/freetype-rs)",
 "gfx 0.5.0 (git+https://github.com/gfx-rs/gfx-rs)",
 "log 0.3.1 (registry+https://github.com/rust-lang/crates.io-index)",
]

[[package]]
name = "gfx_window_glutin"
version = "0.0.1"
source = "git+https://github.com/gfx-rs/gfx_window_glutin#79e64dd40cd7b27a8026a850d586fa8ccb17f479"
dependencies = [
 "gfx 0.5.0 (git+https://github.com/gfx-rs/gfx-rs)",
 "gfx_device_gl 0.3.1 (git+https://github.com/gfx-rs/gfx_device_gl)",
 "glutin 0.1.4 (git+https://github.com/tomaka/glutin)",
]

[[package]]
name = "gl_common"
version = "0.0.4"
source = "registry+https://github.com/rust-lang/crates.io-index"
dependencies = [
 "libc 0.1.8 (registry+https://github.com/rust-lang/crates.io-index)",
]

[[package]]
name = "gl_generator"
version = "0.0.26"
source = "registry+https://github.com/rust-lang/crates.io-index"
dependencies = [
 "khronos_api 0.0.5 (registry+https://github.com/rust-lang/crates.io-index)",
 "log 0.3.1 (registry+https://github.com/rust-lang/crates.io-index)",
 "xml-rs 0.1.25 (registry+https://github.com/rust-lang/crates.io-index)",
]

[[package]]
name = "glutin"
version = "0.1.4"
source = "git+https://github.com/tomaka/glutin#b72ac990e67771ca8c256859ce3fc472458becd9"
dependencies = [
 "android_glue 0.0.2 (registry+https://github.com/rust-lang/crates.io-index)",
 "gdi32-sys 0.1.0 (registry+https://github.com/rust-lang/crates.io-index)",
 "gl_common 0.0.4 (registry+https://github.com/rust-lang/crates.io-index)",
 "gl_generator 0.0.26 (registry+https://github.com/rust-lang/crates.io-index)",
 "glutin_cocoa 0.1.5 (registry+https://github.com/rust-lang/crates.io-index)",
 "glutin_core_foundation 0.1.2 (registry+https://github.com/rust-lang/crates.io-index)",
 "glutin_core_graphics 0.1.4 (registry+https://github.com/rust-lang/crates.io-index)",
 "kernel32-sys 0.1.0 (registry+https://github.com/rust-lang/crates.io-index)",
 "khronos_api 0.0.5 (registry+https://github.com/rust-lang/crates.io-index)",
 "lazy_static 0.1.10 (registry+https://github.com/rust-lang/crates.io-index)",
 "libc 0.1.8 (registry+https://github.com/rust-lang/crates.io-index)",
 "objc 0.1.5 (registry+https://github.com/rust-lang/crates.io-index)",
 "osmesa-sys 0.0.5 (registry+https://github.com/rust-lang/crates.io-index)",
 "shared_library 0.1.0 (registry+https://github.com/rust-lang/crates.io-index)",
 "user32-sys 0.1.0 (registry+https://github.com/rust-lang/crates.io-index)",
 "wayland-client 0.1.6 (registry+https://github.com/rust-lang/crates.io-index)",
 "wayland-kbd 0.1.1 (registry+https://github.com/rust-lang/crates.io-index)",
 "winapi 0.1.18 (registry+https://github.com/rust-lang/crates.io-index)",
 "x11-dl 1.0.1 (registry+https://github.com/rust-lang/crates.io-index)",
]

[[package]]
name = "glutin_cocoa"
version = "0.1.5"
source = "registry+https://github.com/rust-lang/crates.io-index"
dependencies = [
 "bitflags 0.1.1 (registry+https://github.com/rust-lang/crates.io-index)",
 "libc 0.1.8 (registry+https://github.com/rust-lang/crates.io-index)",
 "objc 0.1.5 (registry+https://github.com/rust-lang/crates.io-index)",
]

[[package]]
name = "glutin_core_foundation"
version = "0.1.2"
source = "registry+https://github.com/rust-lang/crates.io-index"
dependencies = [
 "libc 0.1.8 (registry+https://github.com/rust-lang/crates.io-index)",
]

[[package]]
name = "glutin_core_graphics"
version = "0.1.4"
source = "registry+https://github.com/rust-lang/crates.io-index"
dependencies = [
 "glutin_core_foundation 0.1.2 (registry+https://github.com/rust-lang/crates.io-index)",
 "libc 0.1.8 (registry+https://github.com/rust-lang/crates.io-index)",
]

[[package]]
name = "grid"
version = "0.0.1"
source = "git+https://github.com/kvark/grid-rs#48ffff94e162e6b2c12ab95fbad007358621c5f3"

[[package]]
name = "id"
version = "0.0.1"
source = "git+https://github.com/kvark/simplecs#d2c42d18bea1f7b3761374d793d25091635bfe24"

[[package]]
name = "image"
version = "0.3.9"
source = "git+https://github.com/PistonDevelopers/image#75f9b791d6b030bc975ec737e9a2d78de39331af"
dependencies = [
 "byteorder 0.3.10 (registry+https://github.com/rust-lang/crates.io-index)",
 "enum_primitive 0.0.1 (registry+https://github.com/rust-lang/crates.io-index)",
 "num 0.1.24 (registry+https://github.com/rust-lang/crates.io-index)",
]

[[package]]
name = "kernel32-sys"
version = "0.1.0"
source = "registry+https://github.com/rust-lang/crates.io-index"
dependencies = [
 "winapi 0.1.18 (registry+https://github.com/rust-lang/crates.io-index)",
]

[[package]]
name = "khronos_api"
version = "0.0.5"
source = "registry+https://github.com/rust-lang/crates.io-index"

[[package]]
name = "lazy_static"
version = "0.1.10"
source = "registry+https://github.com/rust-lang/crates.io-index"

[[package]]
name = "libc"
version = "0.1.8"
source = "registry+https://github.com/rust-lang/crates.io-index"

[[package]]
name = "libz-sys"
version = "0.1.3"
source = "registry+https://github.com/rust-lang/crates.io-index"
dependencies = [
 "libc 0.1.8 (registry+https://github.com/rust-lang/crates.io-index)",
 "pkg-config 0.3.4 (registry+https://github.com/rust-lang/crates.io-index)",
]

[[package]]
name = "log"
version = "0.3.1"
source = "registry+https://github.com/rust-lang/crates.io-index"
dependencies = [
 "libc 0.1.8 (registry+https://github.com/rust-lang/crates.io-index)",
]

[[package]]
name = "malloc_buf"
version = "0.0.5"
source = "registry+https://github.com/rust-lang/crates.io-index"
dependencies = [
 "libc 0.1.8 (registry+https://github.com/rust-lang/crates.io-index)",
]

[[package]]
name = "mmap"
version = "0.1.1"
source = "registry+https://github.com/rust-lang/crates.io-index"
dependencies = [
 "libc 0.1.8 (registry+https://github.com/rust-lang/crates.io-index)",
 "tempdir 0.3.4 (registry+https://github.com/rust-lang/crates.io-index)",
]

[[package]]
name = "num"
version = "0.1.24"
source = "registry+https://github.com/rust-lang/crates.io-index"
dependencies = [
 "rand 0.3.8 (registry+https://github.com/rust-lang/crates.io-index)",
 "rustc-serialize 0.3.14 (registry+https://github.com/rust-lang/crates.io-index)",
]

[[package]]
name = "objc"
version = "0.1.5"
source = "registry+https://github.com/rust-lang/crates.io-index"
dependencies = [
 "libc 0.1.8 (registry+https://github.com/rust-lang/crates.io-index)",
 "malloc_buf 0.0.5 (registry+https://github.com/rust-lang/crates.io-index)",
]

[[package]]
name = "osmesa-sys"
version = "0.0.5"
source = "registry+https://github.com/rust-lang/crates.io-index"
dependencies = [
 "libc 0.1.8 (registry+https://github.com/rust-lang/crates.io-index)",
 "shared_library 0.1.0 (registry+https://github.com/rust-lang/crates.io-index)",
]

[[package]]
name = "piston-gfx_texture"
version = "0.0.6"
source = "git+https://github.com/PistonDevelopers/gfx_texture#910fc5fedd52291c01c29196ba67f02e92b317ce"
dependencies = [
 "gfx 0.5.0 (git+https://github.com/gfx-rs/gfx-rs)",
 "image 0.3.9 (git+https://github.com/PistonDevelopers/image)",
 "piston-texture 0.0.1 (git+https://github.com/PistonDevelopers/texture)",
]

[[package]]
name = "piston-texture"
version = "0.0.1"
source = "git+https://github.com/PistonDevelopers/texture#3cc4cddc3f8c51c36ea11dd2f63d70aa887f53fb"

[[package]]
name = "pkg-config"
version = "0.3.4"
source = "registry+https://github.com/rust-lang/crates.io-index"

[[package]]
name = "rand"
version = "0.3.8"
source = "registry+https://github.com/rust-lang/crates.io-index"
dependencies = [
 "libc 0.1.8 (registry+https://github.com/rust-lang/crates.io-index)",
]

[[package]]
name = "regex"
version = "0.1.30"
source = "registry+https://github.com/rust-lang/crates.io-index"

[[package]]
name = "rustc-serialize"
version = "0.3.14"
source = "registry+https://github.com/rust-lang/crates.io-index"

[[package]]
name = "shared_library"
version = "0.1.0"
source = "registry+https://github.com/rust-lang/crates.io-index"
dependencies = [
 "lazy_static 0.1.10 (registry+https://github.com/rust-lang/crates.io-index)",
 "libc 0.1.8 (registry+https://github.com/rust-lang/crates.io-index)",
]

[[package]]
name = "tempdir"
version = "0.3.4"
source = "registry+https://github.com/rust-lang/crates.io-index"
dependencies = [
 "rand 0.3.8 (registry+https://github.com/rust-lang/crates.io-index)",
]

[[package]]
name = "user32-sys"
version = "0.1.0"
source = "registry+https://github.com/rust-lang/crates.io-index"
dependencies = [
 "winapi 0.1.18 (registry+https://github.com/rust-lang/crates.io-index)",
]

[[package]]
name = "wayland-client"
version = "0.1.6"
source = "registry+https://github.com/rust-lang/crates.io-index"
dependencies = [
 "bitflags 0.1.1 (registry+https://github.com/rust-lang/crates.io-index)",
 "lazy_static 0.1.10 (registry+https://github.com/rust-lang/crates.io-index)",
 "libc 0.1.8 (registry+https://github.com/rust-lang/crates.io-index)",
]

[[package]]
name = "wayland-kbd"
version = "0.1.1"
source = "registry+https://github.com/rust-lang/crates.io-index"
dependencies = [
 "bitflags 0.1.1 (registry+https://github.com/rust-lang/crates.io-index)",
 "lazy_static 0.1.10 (registry+https://github.com/rust-lang/crates.io-index)",
 "libc 0.1.8 (registry+https://github.com/rust-lang/crates.io-index)",
 "mmap 0.1.1 (registry+https://github.com/rust-lang/crates.io-index)",
 "wayland-client 0.1.6 (registry+https://github.com/rust-lang/crates.io-index)",
]

[[package]]
name = "winapi"
version = "0.1.18"
source = "registry+https://github.com/rust-lang/crates.io-index"
dependencies = [
 "libc 0.1.8 (registry+https://github.com/rust-lang/crates.io-index)",
]

[[package]]
name = "x11-dl"
version = "1.0.1"
source = "registry+https://github.com/rust-lang/crates.io-index"
dependencies = [
 "dylib 0.0.1 (registry+https://github.com/rust-lang/crates.io-index)",
 "libc 0.1.8 (registry+https://github.com/rust-lang/crates.io-index)",
]

[[package]]
name = "xml-rs"
version = "0.1.25"
source = "registry+https://github.com/rust-lang/crates.io-index"
dependencies = [
 "bitflags 0.1.1 (registry+https://github.com/rust-lang/crates.io-index)",
]

